
Microsoft Visual Studio Solution File, Format Version 12.00
# Visual Studio Version 17
VisualStudioVersion = 17.12.35506.116 d17.12
MinimumVisualStudioVersion = 10.0.40219.1
Project("{2150E333-8FDC-42A3-9474-1A3956D46DE8}") = "Solution Items", "Solution Items", "{E3CB12D1-2961-40B2-80B8-9B550FD36F61}"
	ProjectSection(SolutionItems) = preProject
		How-To-Release.txt = How-To-Release.txt
		Local.testsettings = Local.testsettings
		TraceAndTestImpact.testsettings = TraceAndTestImpact.testsettings
	EndProjectSection
EndProject
Project("{FAE04EC0-301F-11D3-BF4B-00C04F79EFBC}") = "EZXApexRiskGUI", "EZXApexRiskGUI\EZXApexRiskGUI.csproj", "{68EF33BD-C8D5-451F-A7E6-AC39040DF561}"
EndProject
Global
	GlobalSection(SolutionConfigurationPlatforms) = preSolution
		64Bit Installer|Any CPU = 64Bit Installer|Any CPU
		64Bit Installer|Mixed Platforms = 64Bit Installer|Mixed Platforms
		64Bit Installer|x86 = 64Bit Installer|x86
		Debug|Any CPU = Debug|Any CPU
		Debug|Mixed Platforms = Debug|Mixed Platforms
		Debug|x86 = Debug|x86
		Release|Any CPU = Release|Any CPU
		Release|Mixed Platforms = Release|Mixed Platforms
		Release|x86 = Release|x86
	EndGlobalSection
	GlobalSection(ProjectConfigurationPlatforms) = postSolution
		{68EF33BD-C8D5-451F-A7E6-AC39040DF561}.64Bit Installer|Any CPU.ActiveCfg = Release|Any CPU
		{68EF33BD-C8D5-451F-A7E6-AC39040DF561}.64Bit Installer|Any CPU.Build.0 = Release|Any CPU
		{68EF33BD-C8D5-451F-A7E6-AC39040DF561}.64Bit Installer|Mixed Platforms.ActiveCfg = Release|Any CPU
		{68EF33BD-C8D5-451F-A7E6-AC39040DF561}.64Bit Installer|Mixed Platforms.Build.0 = Release|Any CPU
		{68EF33BD-C8D5-451F-A7E6-AC39040DF561}.64Bit Installer|x86.ActiveCfg = Release|Any CPU
		{68EF33BD-C8D5-451F-A7E6-AC39040DF561}.64Bit Installer|x86.Build.0 = Release|Any CPU
		{68EF33BD-C8D5-451F-A7E6-AC39040DF561}.Debug|Any CPU.ActiveCfg = Debug|Any CPU
		{68EF33BD-C8D5-451F-A7E6-AC39040DF561}.Debug|Any CPU.Build.0 = Debug|Any CPU
		{68EF33BD-C8D5-451F-A7E6-AC39040DF561}.Debug|Mixed Platforms.ActiveCfg = Debug|Any CPU
		{68EF33BD-C8D5-451F-A7E6-AC39040DF561}.Debug|Mixed Platforms.Build.0 = Debug|Any CPU
		{68EF33BD-C8D5-451F-A7E6-AC39040DF561}.Debug|x86.ActiveCfg = Debug|Any CPU
		{68EF33BD-C8D5-451F-A7E6-AC39040DF561}.Debug|x86.Build.0 = Debug|Any CPU
		{68EF33BD-C8D5-451F-A7E6-AC39040DF561}.Release|Any CPU.ActiveCfg = Release|Any CPU
		{68EF33BD-C8D5-451F-A7E6-AC39040DF561}.Release|Any CPU.Build.0 = Release|Any CPU
		{68EF33BD-C8D5-451F-A7E6-AC39040DF561}.Release|Mixed Platforms.ActiveCfg = Release|Any CPU
		{68EF33BD-C8D5-451F-A7E6-AC39040DF561}.Release|Mixed Platforms.Build.0 = Release|Any CPU
		{68EF33BD-C8D5-451F-A7E6-AC39040DF561}.Release|x86.ActiveCfg = Release|Any CPU
		{68EF33BD-C8D5-451F-A7E6-AC39040DF561}.Release|x86.Build.0 = Release|Any CPU
	EndGlobalSection
	GlobalSection(SolutionProperties) = preSolution
		HideSolutionNode = FALSE
	EndGlobalSection
	GlobalSection(ExtensibilityGlobals) = postSolution
		SolutionGuid = {26D434A8-8EB3-4C61-89EB-5E0FB90DAAC9}
	EndGlobalSection
	GlobalSection(TestCaseManagementSettings) = postSolution
		CategoryFile = EZXLightspeedWPFSolution.vsmdi
	EndGlobalSection
EndGlobal
